// !$*UTF8*$!
{
	archiveVersion = 1;
	classes = {
	};
	objectVersion = 50;
	objects = {

/* Begin PBXBuildFile section */
		2770FA7624682BD500C9A6AA /* AppDelegate.swift in Sources */ = {isa = PBXBuildFile; fileRef = 2770FA7524682BD500C9A6AA /* AppDelegate.swift */; };
		2770FA7824682BD500C9A6AA /* SceneDelegate.swift in Sources */ = {isa = PBXBuildFile; fileRef = 2770FA7724682BD500C9A6AA /* SceneDelegate.swift */; };
		2770FA7A24682BD500C9A6AA /* ViewController.swift in Sources */ = {isa = PBXBuildFile; fileRef = 2770FA7924682BD500C9A6AA /* ViewController.swift */; };
		2770FA7D24682BD500C9A6AA /* Main.storyboard in Resources */ = {isa = PBXBuildFile; fileRef = 2770FA7B24682BD500C9A6AA /* Main.storyboard */; };
		2770FA7F24682BDC00C9A6AA /* Assets.xcassets in Resources */ = {isa = PBXBuildFile; fileRef = 2770FA7E24682BDC00C9A6AA /* Assets.xcassets */; };
		2770FA8224682BDC00C9A6AA /* LaunchScreen.storyboard in Resources */ = {isa = PBXBuildFile; fileRef = 2770FA8024682BDC00C9A6AA /* LaunchScreen.storyboard */; };
/* End PBXBuildFile section */

/* Begin PBXFileReference section */
		2770FA7224682BD500C9A6AA /* MemoryLeakEx.app */ = {isa = PBXFileReference; explicitFileType = wrapper.application; includeInIndex = 0; path = MemoryLeakEx.app; sourceTree = BUILT_PRODUCTS_DIR; };
		2770FA7524682BD500C9A6AA /* AppDelegate.swift */ = {isa = PBXFileReference; lastKnownFileType = sourcecode.swift; path = AppDelegate.swift; sourceTree = "<group>"; };
		2770FA7724682BD500C9A6AA /* SceneDelegate.swift */ = {isa = PBXFileReference; lastKnownFileType = sourcecode.swift; path = SceneDelegate.swift; sourceTree = "<group>"; };
		2770FA7924682BD500C9A6AA /* ViewController.swift */ = {isa = PBXFileReference; lastKnownFileType = sourcecode.swift; path = ViewController.swift; sourceTree = "<group>"; };
		2770FA7C24682BD500C9A6AA /* Base */ = {isa = PBXFileReference; lastKnownFileType = file.storyboard; name = Base; path = Base.lproj/Main.storyboard; sourceTree = "<group>"; };
		2770FA7E24682BDC00C9A6AA /* Assets.xcassets */ = {isa = PBXFileReference; lastKnownFileType = folder.assetcatalog; path = Assets.xcassets; sourceTree = "<group>"; };
		2770FA8124682BDC00C9A6AA /* Base */ = {isa = PBXFileReference; lastKnownFileType = file.storyboard; name = Base; path = Base.lproj/LaunchScreen.storyboard; sourceTree = "<group>"; };
		2770FA8324682BDC00C9A6AA /* Info.plist */ = {isa = PBXFileReference; lastKnownFileType = text.plist.xml; path = Info.plist; sourceTree = "<group>"; };
/* End PBXFileReference section */

/* Begin PBXFrameworksBuildPhase section */
		2770FA6F24682BD500C9A6AA /* Frameworks */ = {
			isa = PBXFrameworksBuildPhase;
			buildActionMask = 2147483647;
			files = (
			);
			runOnlyForDeploymentPostprocessing = 0;
		};
/* End PBXFrameworksBuildPhase section */

/* Begin PBXGroup section */
		2770FA6924682BD500C9A6AA = {
			isa = PBXGroup;
			children = (
				2770FA7424682BD500C9A6AA /* MemoryLeakEx */,
				2770FA7324682BD500C9A6AA /* Products */,
			);
			sourceTree = "<group>";
		};
		2770FA7324682BD500C9A6AA /* Products */ = {
			isa = PBXGroup;
			children = (
				2770FA7224682BD500C9A6AA /* MemoryLeakEx.app */,
			);
			name = Products;
			sourceTree = "<group>";
		};
		2770FA7424682BD500C9A6AA /* MemoryLeakEx */ = {
			isa = PBXGroup;
			children = (
				2770FA7524682BD500C9A6AA /* AppDelegate.swift */,
				2770FA7724682BD500C9A6AA /* SceneDelegate.swift */,
				2770FA7924682BD500C9A6AA /* ViewController.swift */,
				2770FA7B24682BD500C9A6AA /* Main.storyboard */,
				2770FA7E24682BDC00C9A6AA /* Assets.xcassets */,
				2770FA8024682BDC00C9A6AA /* LaunchScreen.storyboard */,
				2770FA8324682BDC00C9A6AA /* Info.plist */,
			);
			path = MemoryLeakEx;
			sourceTree = "<group>";
		};
/* End PBXGroup section */

/* Begin PBXNativeTarget section */
		2770FA7124682BD500C9A6AA /* MemoryLeakEx */ = {
			isa = PBXNativeTarget;
			buildConfigurationList = 2770FA8624682BDC00C9A6AA /* Build configuration list for PBXNativeTarget "MemoryLeakEx" */;
			buildPhases = (
				2770FA6E24682BD500C9A6AA /* Sources */,
				2770FA6F24682BD500C9A6AA /* Frameworks */,
				2770FA7024682BD500C9A6AA /* Resources */,
			);
			buildRules = (
			);
			dependencies = (
			);
			name = MemoryLeakEx;
			productName = MemoryLeakEx;
			productReference = 2770FA7224682BD500C9A6AA /* MemoryLeakEx.app */;
			productType = "com.apple.product-type.application";
		};
/* End PBXNativeTarget section */

/* Begin PBXProject section */
		2770FA6A24682BD500C9A6AA /* Project object */ = {
			isa = PBXProject;
			attributes = {
				LastSwiftUpdateCheck = 1120;
				LastUpgradeCheck = 1120;
				ORGANIZATIONNAME = Pradeep;
				TargetAttributes = {
					2770FA7124682BD500C9A6AA = {
						CreatedOnToolsVersion = 11.2.1;
					};
				};
			};
			buildConfigurationList = 2770FA6D24682BD500C9A6AA /* Build configuration list for PBXProject "MemoryLeakEx" */;
			compatibilityVersion = "Xcode 9.3";
			developmentRegion = en;
			hasScannedForEncodings = 0;
			knownRegions = (
				en,
				Base,
			);
			mainGroup = 2770FA6924682BD500C9A6AA;
			productRefGroup = 2770FA7324682BD500C9A6AA /* Products */;
			projectDirPath = "";
			projectRoot = "";
			targets = (
				2770FA7124682BD500C9A6AA /* MemoryLeakEx */,
			);
		};
/* End PBXProject section */

/* Begin PBXResourcesBuildPhase section */
		2770FA7024682BD500C9A6AA /* Resources */ = {
			isa = PBXResourcesBuildPhase;
			buildActionMask = 2147483647;
			files = (
				2770FA8224682BDC00C9A6AA /* LaunchScreen.storyboard in Resources */,
				2770FA7F24682BDC00C9A6AA /* Assets.xcassets in Resources */,
				2770FA7D24682BD500C9A6AA /* Main.storyboard in Resources */,
			);
			runOnlyForDeploymentPostprocessing = 0;
		};
/* End PBXResourcesBuildPhase section */

/* Begin PBXSourcesBuildPhase section */
		2770FA6E24682BD500C9A6AA /* Sources */ = {
			isa = PBXSourcesBuildPhase;
			buildActionMask = 2147483647;
			files = (
				2770FA7A24682BD500C9A6AA /* ViewController.swift in Sources */,
				2770FA7624682BD500C9A6AA /* AppDelegate.swift in Sources */,
				2770FA7824682BD500C9A6AA /* SceneDelegate.swift in Sources */,
			);
			runOnlyForDeploymentPostprocessing = 0;
		};
/* End PBXSourcesBuildPhase section */

/* Begin PBXVariantGroup section */
		2770FA7B24682BD500C9A6AA /* Main.storyboard */ = {
			isa = PBXVariantGroup;
			children = (
				2770FA7C24682BD500C9A6AA /* Base */,
			);
			name = Main.storyboard;
			sourceTree = "<group>";
		};
		2770FA8024682BDC00C9A6AA /* LaunchScreen.storyboard */ = {
			isa = PBXVariantGroup;
			children = (
				2770FA8124682BDC00C9A6AA /* Base */,
			);
			name = LaunchScreen.storyboard;
			sourceTree = "<group>";
		};
/* End PBXVariantGroup section */

/* Begin XCBuildConfiguration section */
		2770FA8424682BDC00C9A6AA /* Debug */ = {
			isa = XCBuildConfiguration;
			buildSettings = {
				ALWAYS_SEARCH_USER_PATHS = NO;
				CLANG_ANALYZER_NONNULL = YES;
				CLANG_ANALYZER_NUMBER_OBJECT_CONVERSION = YES_AGGRESSIVE;
				CLANG_CXX_LANGUAGE_STANDARD = "gnu++14";
				CLANG_CXX_LIBRARY = "libc++";
				CLANG_ENABLE_MODULES = YES;
				CLANG_ENABLE_OBJC_ARC = YES;
				CLANG_ENABLE_OBJC_WEAK = YES;
				CLANG_WARN_BLOCK_CAPTURE_AUTORELEASING = YES;
				CLANG_WARN_BOOL_CONVERSION = YES;
				CLANG_WARN_COMMA = YES;
				CLANG_WARN_CONSTANT_CONVERSION = YES;
				CLANG_WARN_DEPRECATED_OBJC_IMPLEMENTATIONS = YES;
				CLANG_WARN_DIRECT_OBJC_ISA_USAGE = YES_ERROR;
				CLANG_WARN_DOCUMENTATION_COMMENTS = YES;
				CLANG_WARN_EMPTY_BODY = YES;
				CLANG_WARN_ENUM_CONVERSION = YES;
				CLANG_WARN_INFINITE_RECURSION = YES;
				CLANG_WARN_INT_CONVERSION = YES;
				CLANG_WARN_NON_LITERAL_NULL_CONVERSION = YES;
				CLANG_WARN_OBJC_IMPLICIT_RETAIN_SELF = YES;
				CLANG_WARN_OBJC_LITERAL_CONVERSION = YES;
				CLANG_WARN_OBJC_ROOT_CLASS = YES_ERROR;
				CLANG_WARN_RANGE_LOOP_ANALYSIS = YES;
				CLANG_WARN_STRICT_PROTOTYPES = YES;
				CLANG_WARN_SUSPICIOUS_MOVE = YES;
				CLANG_WARN_UNGUARDED_AVAILABILITY = YES_AGGRESSIVE;
				CLANG_WARN_UNREACHABLE_CODE = YES;
				CLANG_WARN__DUPLICATE_METHOD_MATCH = YES;
				COPY_PHASE_STRIP = NO;
				DEBUG_INFORMATION_FORMAT = dwarf;
				ENABLE_STRICT_OBJC_MSGSEND = YES;
				ENABLE_TESTABILITY = YES;
				GCC_C_LANGUAGE_STANDARD = gnu11;
				GCC_DYNAMIC_NO_PIC = NO;
				GCC_NO_COMMON_BLOCKS = YES;
				GCC_OPTIMIZATION_LEVEL = 0;
				GCC_PREPROCESSOR_DEFINITIONS = (
					"DEBUG=1",
					"$(inherited)",
				);
				GCC_WARN_64_TO_32_BIT_CONVERSION = YES;
				GCC_WARN_ABOUT_RETURN_TYPE = YES_ERROR;
				GCC_WARN_UNDECLARED_SELECTOR = YES;
				GCC_WARN_UNINITIALIZED_AUTOS = YES_AGGRESSIVE;
				GCC_WARN_UNUSED_FUNCTION = YES;
				GCC_WARN_UNUSED_VARIABLE = YES;
				IPHONEOS_DEPLOYMENT_TARGET = 13.2;
				MTL_ENABLE_DEBUG_INFO = INCLUDE_SOURCE;
				MTL_FAST_MATH = YES;
				ONLY_ACTIVE_ARCH = YES;
				SDKROOT = iphoneos;
				SWIFT_ACTIVE_COMPILATION_CONDITIONS = DEBUG;
				SWIFT_OPTIMIZATION_LEVEL = "-Onone";
			};
			name = Debug;
		};
		2770FA8524682BDC00C9A6AA /* Release */ = {
			isa = XCBuildConfiguration;
			buildSettings = {
				ALWAYS_SEARCH_USER_PATHS = NO;
				CLANG_ANALYZER_NONNULL = YES;
				CLANG_ANALYZER_NUMBER_OBJECT_CONVERSION = YES_AGGRESSIVE;
				CLANG_CXX_LANGUAGE_STANDARD = "gnu++14";
				CLANG_CXX_LIBRARY = "libc++";
				CLANG_ENABLE_MODULES = YES;
				CLANG_ENABLE_OBJC_ARC = YES;
				CLANG_ENABLE_OBJC_WEAK = YES;
				CLANG_WARN_BLOCK_CAPTURE_AUTORELEASING = YES;
				CLANG_WARN_BOOL_CONVERSION = YES;
				CLANG_WARN_COMMA = YES;
				CLANG_WARN_CONSTANT_CONVERSION = YES;
				CLANG_WARN_DEPRECATED_OBJC_IMPLEMENTATIONS = YES;
				CLANG_WARN_DIRECT_OBJC_ISA_USAGE = YES_ERROR;
				CLANG_WARN_DOCUMENTATION_COMMENTS = YES;
				CLANG_WARN_EMPTY_BODY = YES;
				CLANG_WARN_ENUM_CONVERSION = YES;
				CLANG_WARN_INFINITE_RECURSION = YES;
				CLANG_WARN_INT_CONVERSION = YES;
				CLANG_WARN_NON_LITERAL_NULL_CONVERSION = YES;
				CLANG_WARN_OBJC_IMPLICIT_RETAIN_SELF = YES;
				CLANG_WARN_OBJC_LITERAL_CONVERSION = YES;
				CLANG_WARN_OBJC_ROOT_CLASS = YES_ERROR;
				CLANG_WARN_RANGE_LOOP_ANALYSIS = YES;
				CLANG_WARN_STRICT_PROTOTYPES = YES;
				CLANG_WARN_SUSPICIOUS_MOVE = YES;
				CLANG_WARN_UNGUARDED_AVAILABILITY = YES_AGGRESSIVE;
				CLANG_WARN_UNREACHABLE_CODE = YES;
				CLANG_WARN__DUPLICATE_METHOD_MATCH = YES;
				COPY_PHASE_STRIP = NO;
				DEBUG_INFORMATION_FORMAT = "dwarf-with-dsym";
				ENABLE_NS_ASSERTIONS = NO;
				ENABLE_STRICT_OBJC_MSGSEND = YES;
				GCC_C_LANGUAGE_STANDARD = gnu11;
				GCC_NO_COMMON_BLOCKS = YES;
				GCC_WARN_64_TO_32_BIT_CONVERSION = YES;
				GCC_WARN_ABOUT_RETURN_TYPE = YES_ERROR;
				GCC_WARN_UNDECLARED_SELECTOR = YES;
				GCC_WARN_UNINITIALIZED_AUTOS = YES_AGGRESSIVE;
				GCC_WARN_UNUSED_FUNCTION = YES;
				GCC_WARN_UNUSED_VARIABLE = YES;
				IPHONEOS_DEPLOYMENT_TARGET = 13.2;
				MTL_ENABLE_DEBUG_INFO = NO;
				MTL_FAST_MATH = YES;
				SDKROOT = iphoneos;
				SWIFT_COMPILATION_MODE = wholemodule;
				SWIFT_OPTIMIZATION_LEVEL = "-O";
				VALIDATE_PRODUCT = YES;
			};
			name = Release;
		};
		2770FA8724682BDC00C9A6AA /* Debug */ = {
			isa = XCBuildConfiguration;
			buildSettings = {
				ASSETCATALOG_COMPILER_APPICON_NAME = AppIcon;
				CODE_SIGN_STYLE = Automatic;
				DEVELOPMENT_TEAM = 6BF9ZGVZZA;
				INFOPLIST_FILE = MemoryLeakEx/Info.plist;
				LD_RUNPATH_SEARCH_PATHS = (
					"$(inherited)",
					"@executable_path/Frameworks",
				);
				PRODUCT_BUNDLE_IDENTIFIER = Home.MemoryLeakEx;
				PRODUCT_NAME = "$(TARGET_NAME)";
				SWIFT_VERSION = 5.0;
				TARGETED_DEVICE_FAMILY = "1,2";
			};
			name = Debug;
		};
		2770FA8824682BDC00C9A6AA /* Release */ = {
			isa = XCBuildConfiguration;
			buildSettings = {
				ASSETCATALOG_COMPILER_APPICON_NAME = AppIcon;
				CODE_SIGN_STYLE = Automatic;
				DEVELOPMENT_TEAM = 6BF9ZGVZZA;
				INFOPLIST_FILE = MemoryLeakEx/Info.plist;
				LD_RUNPATH_SEARCH_PATHS = (
					"$(inherited)",
					"@executable_path/Frameworks",
				);
				PRODUCT_BUNDLE_IDENTIFIER = Home.MemoryLeakEx;
				PRODUCT_NAME = "$(TARGET_NAME)";
				SWIFT_VERSION = 5.0;
				TARGETED_DEVICE_FAMILY = "1,2";
			};
			name = Release;
		};
/* End XCBuildConfiguration section */

/* Begin XCConfigurationList section */
		2770FA6D24682BD500C9A6AA /* Build configuration list for PBXProject "MemoryLeakEx" */ = {
			isa = XCConfigurationList;
			buildConfigurations = (
				2770FA8424682BDC00C9A6AA /* Debug */,
				2770FA8524682BDC00C9A6AA /* Release */,
			);
			defaultConfigurationIsVisible = 0;
			defaultConfigurationName = Release;
		};
		2770FA8624682BDC00C9A6AA /* Build configuration list for PBXNativeTarget "MemoryLeakEx" */ = {
			isa = XCConfigurationList;
			buildConfigurations = (
				2770FA8724682BDC00C9A6AA /* Debug */,
				2770FA8824682BDC00C9A6AA /* Release */,
			);
			defaultConfigurationIsVisible = 0;
			defaultConfigurationName = Release;
		};
/* End XCConfigurationList section */
	};
	rootObject = 2770FA6A24682BD500C9A6AA /* Project object */;
}
